// !$*UTF8*$!
{
	archiveVersion = 1;
	classes = {
	};
	objectVersion = 77;
	objects = {

/* Begin PBXBuildFile section */
		6CD0F1AE2DC1186D00EFFE7F /* Assets.xcassets in Resources */ = {isa = PBXBuildFile; fileRef = 6CD0F1A62DC1186D00EFFE7F /* Assets.xcassets */; };
		6CD0F1B02DC1186D00EFFE7F /* LaunchScreen.storyboard in Resources */ = {isa = PBXBuildFile; fileRef = 6CD0F1A92DC1186D00EFFE7F /* LaunchScreen.storyboard */; };
		6CD0F1B12DC1186D00EFFE7F /* AppDelegate.swift in Sources */ = {isa = PBXBuildFile; fileRef = 6CD0F19F2DC1186D00EFFE7F /* AppDelegate.swift */; };
		6CD0F1B22DC1186D00EFFE7F /* SceneDelegate.swift in Sources */ = {isa = PBXBuildFile; fileRef = 6CD0F1A02DC1186D00EFFE7F /* SceneDelegate.swift */; };
		6CD0F1B32DC1186D00EFFE7F /* UIFont+.swift in Sources */ = {isa = PBXBuildFile; fileRef = 6CD0F1A22DC1186D00EFFE7F /* UIFont+.swift */; };
		6CD0F1B42DC1186D00EFFE7F /* UITextField+.swift in Sources */ = {isa = PBXBuildFile; fileRef = 6CD0F1A32DC1186D00EFFE7F /* UITextField+.swift */; };
		6CD0F1B52DC1186D00EFFE7F /* UIView+.swift in Sources */ = {isa = PBXBuildFile; fileRef = 6CD0F1A42DC1186D00EFFE7F /* UIView+.swift */; };
		6CD0F1BF2DC1203100EFFE7F /* TabViewController.swift in Sources */ = {isa = PBXBuildFile; fileRef = 6CD0F1BE2DC1203100EFFE7F /* TabViewController.swift */; };
		6CD0F1C22DC1206200EFFE7F /* Then in Frameworks */ = {isa = PBXBuildFile; productRef = 6CD0F1C12DC1206200EFFE7F /* Then */; };
		6CD0F1C82DC12E0A00EFFE7F /* UIStackView+.swift in Sources */ = {isa = PBXBuildFile; fileRef = 6CD0F1C72DC12E0A00EFFE7F /* UIStackView+.swift */; };
		6CD0F1CE2DC132C600EFFE7F /* HeaderView.swift in Sources */ = {isa = PBXBuildFile; fileRef = 6CD0F1CD2DC132C600EFFE7F /* HeaderView.swift */; };
		6CD0F1D02DC1345A00EFFE7F /* TopTabView.swift in Sources */ = {isa = PBXBuildFile; fileRef = 6CD0F1CF2DC1345A00EFFE7F /* TopTabView.swift */; };
		6CD0F1D62DC1363300EFFE7F /* BaseUIViewController.swift in Sources */ = {isa = PBXBuildFile; fileRef = 6CD0F1D52DC1363300EFFE7F /* BaseUIViewController.swift */; };
		6CD0F1D82DC1371D00EFFE7F /* BaseUIView.swift in Sources */ = {isa = PBXBuildFile; fileRef = 6CD0F1D72DC1371D00EFFE7F /* BaseUIView.swift */; };
		6CD0F1DD2DC138FD00EFFE7F /* DetailViewController.swift in Sources */ = {isa = PBXBuildFile; fileRef = 6CD0F1DA2DC138FD00EFFE7F /* DetailViewController.swift */; };
		6CD0F1DE2DC138FD00EFFE7F /* ViewController.swift in Sources */ = {isa = PBXBuildFile; fileRef = 6CD0F1DB2DC138FD00EFFE7F /* ViewController.swift */; };
		6CD0F1E02DC1396800EFFE7F /* HomeView.swift in Sources */ = {isa = PBXBuildFile; fileRef = 6CD0F1DF2DC1396800EFFE7F /* HomeView.swift */; };
		6CD0F1E22DC1397100EFFE7F /* DramaView.swift in Sources */ = {isa = PBXBuildFile; fileRef = 6CD0F1E12DC1397100EFFE7F /* DramaView.swift */; };
		6CD0F1E42DC1397D00EFFE7F /* EntertainmentView.swift in Sources */ = {isa = PBXBuildFile; fileRef = 6CD0F1E32DC1397D00EFFE7F /* EntertainmentView.swift */; };
		6CD0F1E62DC1398700EFFE7F /* MovieView.swift in Sources */ = {isa = PBXBuildFile; fileRef = 6CD0F1E52DC1398700EFFE7F /* MovieView.swift */; };
		6CD0F1E82DC1398D00EFFE7F /* SportsView.swift in Sources */ = {isa = PBXBuildFile; fileRef = 6CD0F1E72DC1398D00EFFE7F /* SportsView.swift */; };
		6CD0F1EA2DC1399500EFFE7F /* NewsView.swift in Sources */ = {isa = PBXBuildFile; fileRef = 6CD0F1E92DC1399500EFFE7F /* NewsView.swift */; };
		6CD0F1EE2DC13B1300EFFE7F /* TabViewCell.swift in Sources */ = {isa = PBXBuildFile; fileRef = 6CD0F1ED2DC13B1300EFFE7F /* TabViewCell.swift */; };
		6CD0F1F12DC13B7C00EFFE7F /* UICollectionViewCell+.swift in Sources */ = {isa = PBXBuildFile; fileRef = 6CD0F1EF2DC13B7C00EFFE7F /* UICollectionViewCell+.swift */; };
		6CD0F1F22DC13B7C00EFFE7F /* UITableViewCell+.swift in Sources */ = {isa = PBXBuildFile; fileRef = 6CD0F1F02DC13B7C00EFFE7F /* UITableViewCell+.swift */; };
		6CD0F1F82DC14B4E00EFFE7F /* Pretendard-SemiBold.otf in Resources */ = {isa = PBXBuildFile; fileRef = 6CD0F1F62DC14B4E00EFFE7F /* Pretendard-SemiBold.otf */; };
		6CD0F1F92DC14B4E00EFFE7F /* Pretendard-Bold.otf in Resources */ = {isa = PBXBuildFile; fileRef = 6CD0F1F32DC14B4E00EFFE7F /* Pretendard-Bold.otf */; };
		6CD0F1FA2DC14B4E00EFFE7F /* Pretendard-Medium.otf in Resources */ = {isa = PBXBuildFile; fileRef = 6CD0F1F42DC14B4E00EFFE7F /* Pretendard-Medium.otf */; };
		6CD0F1FB2DC14B4E00EFFE7F /* Pretendard-Regular.otf in Resources */ = {isa = PBXBuildFile; fileRef = 6CD0F1F52DC14B4E00EFFE7F /* Pretendard-Regular.otf */; };
		6CD0F20D2DC1F99400EFFE7F /* HomeTitleImage.swift in Sources */ = {isa = PBXBuildFile; fileRef = 6CD0F20C2DC1F99400EFFE7F /* HomeTitleImage.swift */; };
		6CD0F20F2DC1FCCE00EFFE7F /* TodayTopView.swift in Sources */ = {isa = PBXBuildFile; fileRef = 6CD0F20E2DC1FCCE00EFFE7F /* TodayTopView.swift */; };
		6CD0F2152DC200BE00EFFE7F /* TodayTopCollectionViewCell.swift in Sources */ = {isa = PBXBuildFile; fileRef = 6CD0F2132DC200BE00EFFE7F /* TodayTopCollectionViewCell.swift */; };
		6CD0F2192DC2023700EFFE7F /* posterModel.swift in Sources */ = {isa = PBXBuildFile; fileRef = 6CD0F2182DC2023700EFFE7F /* posterModel.swift */; };
		6CF93FAC2DAED2380038B5EC /* SnapKit in Frameworks */ = {isa = PBXBuildFile; productRef = 6CF93FAB2DAED2380038B5EC /* SnapKit */; };
/* End PBXBuildFile section */

/* Begin PBXFileReference section */
		6CD0F19F2DC1186D00EFFE7F /* AppDelegate.swift */ = {isa = PBXFileReference; lastKnownFileType = sourcecode.swift; path = AppDelegate.swift; sourceTree = "<group>"; };
		6CD0F1A02DC1186D00EFFE7F /* SceneDelegate.swift */ = {isa = PBXFileReference; lastKnownFileType = sourcecode.swift; path = SceneDelegate.swift; sourceTree = "<group>"; };
		6CD0F1A22DC1186D00EFFE7F /* UIFont+.swift */ = {isa = PBXFileReference; lastKnownFileType = sourcecode.swift; path = "UIFont+.swift"; sourceTree = "<group>"; };
		6CD0F1A32DC1186D00EFFE7F /* UITextField+.swift */ = {isa = PBXFileReference; lastKnownFileType = sourcecode.swift; path = "UITextField+.swift"; sourceTree = "<group>"; };
		6CD0F1A42DC1186D00EFFE7F /* UIView+.swift */ = {isa = PBXFileReference; lastKnownFileType = sourcecode.swift; path = "UIView+.swift"; sourceTree = "<group>"; };
		6CD0F1A62DC1186D00EFFE7F /* Assets.xcassets */ = {isa = PBXFileReference; lastKnownFileType = folder.assetcatalog; path = Assets.xcassets; sourceTree = "<group>"; };
		6CD0F1A72DC1186D00EFFE7F /* Info.plist */ = {isa = PBXFileReference; lastKnownFileType = text.plist.xml; path = Info.plist; sourceTree = "<group>"; };
		6CD0F1A82DC1186D00EFFE7F /* Base */ = {isa = PBXFileReference; lastKnownFileType = file.storyboard; name = Base; path = Base.lproj/LaunchScreen.storyboard; sourceTree = "<group>"; };
		6CD0F1BE2DC1203100EFFE7F /* TabViewController.swift */ = {isa = PBXFileReference; lastKnownFileType = sourcecode.swift; path = TabViewController.swift; sourceTree = "<group>"; };
		6CD0F1C72DC12E0A00EFFE7F /* UIStackView+.swift */ = {isa = PBXFileReference; lastKnownFileType = sourcecode.swift; path = "UIStackView+.swift"; sourceTree = "<group>"; };
		6CD0F1CD2DC132C600EFFE7F /* HeaderView.swift */ = {isa = PBXFileReference; lastKnownFileType = sourcecode.swift; path = HeaderView.swift; sourceTree = "<group>"; };
		6CD0F1CF2DC1345A00EFFE7F /* TopTabView.swift */ = {isa = PBXFileReference; lastKnownFileType = sourcecode.swift; path = TopTabView.swift; sourceTree = "<group>"; };
		6CD0F1D52DC1363300EFFE7F /* BaseUIViewController.swift */ = {isa = PBXFileReference; lastKnownFileType = sourcecode.swift; path = BaseUIViewController.swift; sourceTree = "<group>"; };
		6CD0F1D72DC1371D00EFFE7F /* BaseUIView.swift */ = {isa = PBXFileReference; lastKnownFileType = sourcecode.swift; path = BaseUIView.swift; sourceTree = "<group>"; };
		6CD0F1DA2DC138FD00EFFE7F /* DetailViewController.swift */ = {isa = PBXFileReference; lastKnownFileType = sourcecode.swift; path = DetailViewController.swift; sourceTree = "<group>"; };
		6CD0F1DB2DC138FD00EFFE7F /* ViewController.swift */ = {isa = PBXFileReference; lastKnownFileType = sourcecode.swift; path = ViewController.swift; sourceTree = "<group>"; };
		6CD0F1DF2DC1396800EFFE7F /* HomeView.swift */ = {isa = PBXFileReference; lastKnownFileType = sourcecode.swift; path = HomeView.swift; sourceTree = "<group>"; };
		6CD0F1E12DC1397100EFFE7F /* DramaView.swift */ = {isa = PBXFileReference; lastKnownFileType = sourcecode.swift; path = DramaView.swift; sourceTree = "<group>"; };
		6CD0F1E32DC1397D00EFFE7F /* EntertainmentView.swift */ = {isa = PBXFileReference; lastKnownFileType = sourcecode.swift; path = EntertainmentView.swift; sourceTree = "<group>"; };
		6CD0F1E52DC1398700EFFE7F /* MovieView.swift */ = {isa = PBXFileReference; lastKnownFileType = sourcecode.swift; path = MovieView.swift; sourceTree = "<group>"; };
		6CD0F1E72DC1398D00EFFE7F /* SportsView.swift */ = {isa = PBXFileReference; lastKnownFileType = sourcecode.swift; path = SportsView.swift; sourceTree = "<group>"; };
		6CD0F1E92DC1399500EFFE7F /* NewsView.swift */ = {isa = PBXFileReference; lastKnownFileType = sourcecode.swift; path = NewsView.swift; sourceTree = "<group>"; };
		6CD0F1ED2DC13B1300EFFE7F /* TabViewCell.swift */ = {isa = PBXFileReference; lastKnownFileType = sourcecode.swift; path = TabViewCell.swift; sourceTree = "<group>"; };
		6CD0F1EF2DC13B7C00EFFE7F /* UICollectionViewCell+.swift */ = {isa = PBXFileReference; lastKnownFileType = sourcecode.swift; path = "UICollectionViewCell+.swift"; sourceTree = "<group>"; };
		6CD0F1F02DC13B7C00EFFE7F /* UITableViewCell+.swift */ = {isa = PBXFileReference; lastKnownFileType = sourcecode.swift; path = "UITableViewCell+.swift"; sourceTree = "<group>"; };
		6CD0F1F32DC14B4E00EFFE7F /* Pretendard-Bold.otf */ = {isa = PBXFileReference; lastKnownFileType = file; path = "Pretendard-Bold.otf"; sourceTree = "<group>"; };
		6CD0F1F42DC14B4E00EFFE7F /* Pretendard-Medium.otf */ = {isa = PBXFileReference; lastKnownFileType = file; path = "Pretendard-Medium.otf"; sourceTree = "<group>"; };
		6CD0F1F52DC14B4E00EFFE7F /* Pretendard-Regular.otf */ = {isa = PBXFileReference; lastKnownFileType = file; path = "Pretendard-Regular.otf"; sourceTree = "<group>"; };
		6CD0F1F62DC14B4E00EFFE7F /* Pretendard-SemiBold.otf */ = {isa = PBXFileReference; lastKnownFileType = file; path = "Pretendard-SemiBold.otf"; sourceTree = "<group>"; };
		6CD0F20C2DC1F99400EFFE7F /* HomeTitleImage.swift */ = {isa = PBXFileReference; lastKnownFileType = sourcecode.swift; path = HomeTitleImage.swift; sourceTree = "<group>"; };
		6CD0F20E2DC1FCCE00EFFE7F /* TodayTopView.swift */ = {isa = PBXFileReference; lastKnownFileType = sourcecode.swift; path = TodayTopView.swift; sourceTree = "<group>"; };
		6CD0F2132DC200BE00EFFE7F /* TodayTopCollectionViewCell.swift */ = {isa = PBXFileReference; lastKnownFileType = sourcecode.swift; path = TodayTopCollectionViewCell.swift; sourceTree = "<group>"; };
		6CD0F2182DC2023700EFFE7F /* posterModel.swift */ = {isa = PBXFileReference; lastKnownFileType = sourcecode.swift; path = posterModel.swift; sourceTree = "<group>"; };
		6CF93F822DAEC71B0038B5EC /* SOPT36_Assignment.app */ = {isa = PBXFileReference; explicitFileType = wrapper.application; includeInIndex = 0; path = SOPT36_Assignment.app; sourceTree = BUILT_PRODUCTS_DIR; };
/* End PBXFileReference section */

/* Begin PBXFrameworksBuildPhase section */
		6CF93F7F2DAEC71B0038B5EC /* Frameworks */ = {
			isa = PBXFrameworksBuildPhase;
			buildActionMask = 2147483647;
			files = (
				6CF93FAC2DAED2380038B5EC /* SnapKit in Frameworks */,
				6CD0F1C22DC1206200EFFE7F /* Then in Frameworks */,
			);
			runOnlyForDeploymentPostprocessing = 0;
		};
/* End PBXFrameworksBuildPhase section */

/* Begin PBXGroup section */
		6CD0F1A12DC1186D00EFFE7F /* Application */ = {
			isa = PBXGroup;
			children = (
				6CD0F19F2DC1186D00EFFE7F /* AppDelegate.swift */,
				6CD0F1A02DC1186D00EFFE7F /* SceneDelegate.swift */,
			);
			path = Application;
			sourceTree = "<group>";
		};
		6CD0F1A52DC1186D00EFFE7F /* Extensions */ = {
			isa = PBXGroup;
			children = (
				6CD0F1EF2DC13B7C00EFFE7F /* UICollectionViewCell+.swift */,
				6CD0F1F02DC13B7C00EFFE7F /* UITableViewCell+.swift */,
				6CD0F1A22DC1186D00EFFE7F /* UIFont+.swift */,
				6CD0F1A32DC1186D00EFFE7F /* UITextField+.swift */,
				6CD0F1A42DC1186D00EFFE7F /* UIView+.swift */,
				6CD0F1C72DC12E0A00EFFE7F /* UIStackView+.swift */,
			);
			path = Extensions;
			sourceTree = "<group>";
		};
		6CD0F1AA2DC1186D00EFFE7F /* Resources */ = {
			isa = PBXGroup;
			children = (
				6CD0F1F72DC14B4E00EFFE7F /* Fonts */,
				6CD0F1A62DC1186D00EFFE7F /* Assets.xcassets */,
				6CD0F1A72DC1186D00EFFE7F /* Info.plist */,
				6CD0F1A92DC1186D00EFFE7F /* LaunchScreen.storyboard */,
			);
			path = Resources;
			sourceTree = "<group>";
		};
		6CD0F1AD2DC1186D00EFFE7F /* SOPT36_Assignment */ = {
			isa = PBXGroup;
			children = (
				6CD0F1A12DC1186D00EFFE7F /* Application */,
				6CD0F1D42DC1361E00EFFE7F /* Global */,
				6CD0F1CC2DC132A400EFFE7F /* View */,
				6CD0F1CA2DC1329600EFFE7F /* ViewController */,
			);
			path = SOPT36_Assignment;
			sourceTree = "<group>";
		};
		6CD0F1CA2DC1329600EFFE7F /* ViewController */ = {
			isa = PBXGroup;
			children = (
				6CD0F1DC2DC138FD00EFFE7F /* Login */,
				6CD0F1EC2DC13AE500EFFE7F /* TabView */,
			);
			path = ViewController;
			sourceTree = "<group>";
		};
		6CD0F1CC2DC132A400EFFE7F /* View */ = {
			isa = PBXGroup;
			children = (
				6CD0F1FE2DC1F88200EFFE7F /* Home */,
				6CD0F2062DC1F93F00EFFE7F /* News */,
				6CD0F2072DC1F93F00EFFE7F /* Sports */,
				6CD0F2082DC1F93F00EFFE7F /* Movie */,
				6CD0F2042DC1F93F00EFFE7F /* Entertainment */,
				6CD0F2052DC1F93F00EFFE7F /* Drama */,
				6CD0F1CD2DC132C600EFFE7F /* HeaderView.swift */,
				6CD0F1CF2DC1345A00EFFE7F /* TopTabView.swift */,
			);
			path = View;
			sourceTree = "<group>";
		};
		6CD0F1D32DC1361E00EFFE7F /* Base */ = {
			isa = PBXGroup;
			children = (
				6CD0F1D52DC1363300EFFE7F /* BaseUIViewController.swift */,
				6CD0F1D72DC1371D00EFFE7F /* BaseUIView.swift */,
			);
			path = Base;
			sourceTree = "<group>";
		};
		6CD0F1D42DC1361E00EFFE7F /* Global */ = {
			isa = PBXGroup;
			children = (
				6CD0F1D32DC1361E00EFFE7F /* Base */,
				6CD0F1A52DC1186D00EFFE7F /* Extensions */,
				6CD0F1AA2DC1186D00EFFE7F /* Resources */,
			);
			path = Global;
			sourceTree = "<group>";
		};
		6CD0F1DC2DC138FD00EFFE7F /* Login */ = {
			isa = PBXGroup;
			children = (
				6CD0F1DA2DC138FD00EFFE7F /* DetailViewController.swift */,
				6CD0F1DB2DC138FD00EFFE7F /* ViewController.swift */,
			);
			path = Login;
			sourceTree = "<group>";
		};
		6CD0F1EC2DC13AE500EFFE7F /* TabView */ = {
			isa = PBXGroup;
			children = (
				6CD0F1BE2DC1203100EFFE7F /* TabViewController.swift */,
				6CD0F1ED2DC13B1300EFFE7F /* TabViewCell.swift */,
			);
			path = TabView;
			sourceTree = "<group>";
		};
		6CD0F1F72DC14B4E00EFFE7F /* Fonts */ = {
			isa = PBXGroup;
			children = (
				6CD0F1F32DC14B4E00EFFE7F /* Pretendard-Bold.otf */,
				6CD0F1F42DC14B4E00EFFE7F /* Pretendard-Medium.otf */,
				6CD0F1F52DC14B4E00EFFE7F /* Pretendard-Regular.otf */,
				6CD0F1F62DC14B4E00EFFE7F /* Pretendard-SemiBold.otf */,
			);
			path = Fonts;
			sourceTree = "<group>";
		};
		6CD0F1FE2DC1F88200EFFE7F /* Home */ = {
			isa = PBXGroup;
			children = (
				6CD0F2172DC201FD00EFFE7F /* Model */,
				6CD0F2142DC200BE00EFFE7F /* Cell */,
				6CD0F20A2DC1F97E00EFFE7F /* Components */,
				6CD0F1DF2DC1396800EFFE7F /* HomeView.swift */,
			);
			path = Home;
			sourceTree = "<group>";
		};
		6CD0F2042DC1F93F00EFFE7F /* Entertainment */ = {
			isa = PBXGroup;
			children = (
				6CD0F1E32DC1397D00EFFE7F /* EntertainmentView.swift */,
			);
			path = Entertainment;
			sourceTree = "<group>";
		};
		6CD0F2052DC1F93F00EFFE7F /* Drama */ = {
			isa = PBXGroup;
			children = (
				6CD0F1E12DC1397100EFFE7F /* DramaView.swift */,
			);
			path = Drama;
			sourceTree = "<group>";
		};
		6CD0F2062DC1F93F00EFFE7F /* News */ = {
			isa = PBXGroup;
			children = (
				6CD0F1E92DC1399500EFFE7F /* NewsView.swift */,
			);
			path = News;
			sourceTree = "<group>";
		};
		6CD0F2072DC1F93F00EFFE7F /* Sports */ = {
			isa = PBXGroup;
			children = (
				6CD0F1E72DC1398D00EFFE7F /* SportsView.swift */,
			);
			path = Sports;
			sourceTree = "<group>";
		};
		6CD0F2082DC1F93F00EFFE7F /* Movie */ = {
			isa = PBXGroup;
			children = (
				6CD0F1E52DC1398700EFFE7F /* MovieView.swift */,
			);
			path = Movie;
			sourceTree = "<group>";
		};
		6CD0F20A2DC1F97E00EFFE7F /* Components */ = {
			isa = PBXGroup;
			children = (
				6CD0F20C2DC1F99400EFFE7F /* HomeTitleImage.swift */,
				6CD0F20E2DC1FCCE00EFFE7F /* TodayTopView.swift */,
			);
			path = Components;
			sourceTree = "<group>";
		};
		6CD0F2142DC200BE00EFFE7F /* Cell */ = {
			isa = PBXGroup;
			children = (
				6CD0F2132DC200BE00EFFE7F /* TodayTopCollectionViewCell.swift */,
			);
			path = Cell;
			sourceTree = "<group>";
		};
		6CD0F2172DC201FD00EFFE7F /* Model */ = {
			isa = PBXGroup;
			children = (
				6CD0F2182DC2023700EFFE7F /* posterModel.swift */,
			);
			path = Model;
			sourceTree = "<group>";
		};
		6CF93F792DAEC71B0038B5EC = {
			isa = PBXGroup;
			children = (
				6CD0F1AD2DC1186D00EFFE7F /* SOPT36_Assignment */,
				6CF93F832DAEC71B0038B5EC /* Products */,
			);
			sourceTree = "<group>";
		};
		6CF93F832DAEC71B0038B5EC /* Products */ = {
			isa = PBXGroup;
			children = (
				6CF93F822DAEC71B0038B5EC /* SOPT36_Assignment.app */,
			);
			name = Products;
			sourceTree = "<group>";
		};
/* End PBXGroup section */

/* Begin PBXNativeTarget section */
		6CF93F812DAEC71B0038B5EC /* SOPT36_Assignment */ = {
			isa = PBXNativeTarget;
			buildConfigurationList = 6CF93F952DAEC71C0038B5EC /* Build configuration list for PBXNativeTarget "SOPT36_Assignment" */;
			buildPhases = (
				6CF93F7E2DAEC71B0038B5EC /* Sources */,
				6CF93F7F2DAEC71B0038B5EC /* Frameworks */,
				6CF93F802DAEC71B0038B5EC /* Resources */,
			);
			buildRules = (
			);
			dependencies = (
			);
			name = SOPT36_Assignment;
			packageProductDependencies = (
				6CF93FAB2DAED2380038B5EC /* SnapKit */,
				6CD0F1C12DC1206200EFFE7F /* Then */,
			);
			productName = SOPT36_Assignment;
			productReference = 6CF93F822DAEC71B0038B5EC /* SOPT36_Assignment.app */;
			productType = "com.apple.product-type.application";
		};
/* End PBXNativeTarget section */

/* Begin PBXProject section */
		6CF93F7A2DAEC71B0038B5EC /* Project object */ = {
			isa = PBXProject;
			attributes = {
				BuildIndependentTargetsInParallel = 1;
				LastSwiftUpdateCheck = 1630;
				LastUpgradeCheck = 1630;
				TargetAttributes = {
					6CF93F812DAEC71B0038B5EC = {
						CreatedOnToolsVersion = 16.3;
					};
				};
			};
			buildConfigurationList = 6CF93F7D2DAEC71B0038B5EC /* Build configuration list for PBXProject "SOPT36_Assignment" */;
			developmentRegion = en;
			hasScannedForEncodings = 0;
			knownRegions = (
				en,
				Base,
			);
			mainGroup = 6CF93F792DAEC71B0038B5EC;
			minimizedProjectReferenceProxies = 1;
			packageReferences = (
				6CF93FAA2DAED2380038B5EC /* XCRemoteSwiftPackageReference "SnapKit" */,
				6CD0F1C02DC1206200EFFE7F /* XCRemoteSwiftPackageReference "Then" */,
			);
			preferredProjectObjectVersion = 77;
			productRefGroup = 6CF93F832DAEC71B0038B5EC /* Products */;
			projectDirPath = "";
			projectRoot = "";
			targets = (
				6CF93F812DAEC71B0038B5EC /* SOPT36_Assignment */,
			);
		};
/* End PBXProject section */

/* Begin PBXResourcesBuildPhase section */
		6CF93F802DAEC71B0038B5EC /* Resources */ = {
			isa = PBXResourcesBuildPhase;
			buildActionMask = 2147483647;
			files = (
				6CD0F1F82DC14B4E00EFFE7F /* Pretendard-SemiBold.otf in Resources */,
				6CD0F1F92DC14B4E00EFFE7F /* Pretendard-Bold.otf in Resources */,
				6CD0F1FA2DC14B4E00EFFE7F /* Pretendard-Medium.otf in Resources */,
				6CD0F1FB2DC14B4E00EFFE7F /* Pretendard-Regular.otf in Resources */,
				6CD0F1AE2DC1186D00EFFE7F /* Assets.xcassets in Resources */,
				6CD0F1B02DC1186D00EFFE7F /* LaunchScreen.storyboard in Resources */,
			);
			runOnlyForDeploymentPostprocessing = 0;
		};
/* End PBXResourcesBuildPhase section */

/* Begin PBXSourcesBuildPhase section */
		6CF93F7E2DAEC71B0038B5EC /* Sources */ = {
			isa = PBXSourcesBuildPhase;
			buildActionMask = 2147483647;
			files = (
				6CD0F1B12DC1186D00EFFE7F /* AppDelegate.swift in Sources */,
				6CD0F1B22DC1186D00EFFE7F /* SceneDelegate.swift in Sources */,
				6CD0F1B32DC1186D00EFFE7F /* UIFont+.swift in Sources */,
				6CD0F1E22DC1397100EFFE7F /* DramaView.swift in Sources */,
				6CD0F1B42DC1186D00EFFE7F /* UITextField+.swift in Sources */,
				6CD0F1B52DC1186D00EFFE7F /* UIView+.swift in Sources */,
				6CD0F1E02DC1396800EFFE7F /* HomeView.swift in Sources */,
				6CD0F1EA2DC1399500EFFE7F /* NewsView.swift in Sources */,
				6CD0F1D82DC1371D00EFFE7F /* BaseUIView.swift in Sources */,
				6CD0F1E62DC1398700EFFE7F /* MovieView.swift in Sources */,
				6CD0F1F12DC13B7C00EFFE7F /* UICollectionViewCell+.swift in Sources */,
				6CD0F1F22DC13B7C00EFFE7F /* UITableViewCell+.swift in Sources */,
				6CD0F1CE2DC132C600EFFE7F /* HeaderView.swift in Sources */,
				6CD0F1D02DC1345A00EFFE7F /* TopTabView.swift in Sources */,
				6CD0F2192DC2023700EFFE7F /* posterModel.swift in Sources */,
				6CD0F1D62DC1363300EFFE7F /* BaseUIViewController.swift in Sources */,
				6CD0F1E42DC1397D00EFFE7F /* EntertainmentView.swift in Sources */,
				6CD0F1EE2DC13B1300EFFE7F /* TabViewCell.swift in Sources */,
				6CD0F1DD2DC138FD00EFFE7F /* DetailViewController.swift in Sources */,
				6CD0F1DE2DC138FD00EFFE7F /* ViewController.swift in Sources */,
				6CD0F1E82DC1398D00EFFE7F /* SportsView.swift in Sources */,
				6CD0F2152DC200BE00EFFE7F /* TodayTopCollectionViewCell.swift in Sources */,
				6CD0F20F2DC1FCCE00EFFE7F /* TodayTopView.swift in Sources */,
				6CD0F1C82DC12E0A00EFFE7F /* UIStackView+.swift in Sources */,
				6CD0F1BF2DC1203100EFFE7F /* TabViewController.swift in Sources */,
				6CD0F20D2DC1F99400EFFE7F /* HomeTitleImage.swift in Sources */,
			);
			runOnlyForDeploymentPostprocessing = 0;
		};
/* End PBXSourcesBuildPhase section */

/* Begin PBXVariantGroup section */
		6CD0F1A92DC1186D00EFFE7F /* LaunchScreen.storyboard */ = {
			isa = PBXVariantGroup;
			children = (
				6CD0F1A82DC1186D00EFFE7F /* Base */,
			);
			name = LaunchScreen.storyboard;
			sourceTree = "<group>";
		};
/* End PBXVariantGroup section */

/* Begin XCBuildConfiguration section */
		6CF93F962DAEC71C0038B5EC /* Debug */ = {
			isa = XCBuildConfiguration;
			buildSettings = {
				ASSETCATALOG_COMPILER_APPICON_NAME = AppIcon;
				ASSETCATALOG_COMPILER_GLOBAL_ACCENT_COLOR_NAME = AccentColor;
				CODE_SIGN_STYLE = Automatic;
				CURRENT_PROJECT_VERSION = 1;
				DEVELOPMENT_TEAM = 3RFJ9FQWHA;
				GENERATE_INFOPLIST_FILE = YES;
				INFOPLIST_FILE = SOPT36_Assignment/Global/Resources/Info.plist;
				INFOPLIST_KEY_UIApplicationSupportsIndirectInputEvents = YES;
				INFOPLIST_KEY_UILaunchStoryboardName = LaunchScreen;
				INFOPLIST_KEY_UISupportedInterfaceOrientations_iPad = "UIInterfaceOrientationPortrait UIInterfaceOrientationPortraitUpsideDown UIInterfaceOrientationLandscapeLeft UIInterfaceOrientationLandscapeRight";
				INFOPLIST_KEY_UISupportedInterfaceOrientations_iPhone = "UIInterfaceOrientationPortrait UIInterfaceOrientationLandscapeLeft UIInterfaceOrientationLandscapeRight";
				LD_RUNPATH_SEARCH_PATHS = (
					"$(inherited)",
					"@executable_path/Frameworks",
				);
				MARKETING_VERSION = 1.0;
				PRODUCT_BUNDLE_IDENTIFIER = "com.OneTen.SOPT36-Assignment";
				PRODUCT_NAME = "$(TARGET_NAME)";
				SWIFT_EMIT_LOC_STRINGS = YES;
				SWIFT_VERSION = 5.0;
				TARGETED_DEVICE_FAMILY = "1,2";
			};
			name = Debug;
		};
		6CF93F972DAEC71C0038B5EC /* Release */ = {
			isa = XCBuildConfiguration;
			buildSettings = {
				ASSETCATALOG_COMPILER_APPICON_NAME = AppIcon;
				ASSETCATALOG_COMPILER_GLOBAL_ACCENT_COLOR_NAME = AccentColor;
				CODE_SIGN_STYLE = Automatic;
				CURRENT_PROJECT_VERSION = 1;
				DEVELOPMENT_TEAM = 3RFJ9FQWHA;
				GENERATE_INFOPLIST_FILE = YES;
				INFOPLIST_FILE = SOPT36_Assignment/Global/Resources/Info.plist;
				INFOPLIST_KEY_UIApplicationSupportsIndirectInputEvents = YES;
				INFOPLIST_KEY_UILaunchStoryboardName = LaunchScreen;
				INFOPLIST_KEY_UISupportedInterfaceOrientations_iPad = "UIInterfaceOrientationPortrait UIInterfaceOrientationPortraitUpsideDown UIInterfaceOrientationLandscapeLeft UIInterfaceOrientationLandscapeRight";
				INFOPLIST_KEY_UISupportedInterfaceOrientations_iPhone = "UIInterfaceOrientationPortrait UIInterfaceOrientationLandscapeLeft UIInterfaceOrientationLandscapeRight";
				LD_RUNPATH_SEARCH_PATHS = (
					"$(inherited)",
					"@executable_path/Frameworks",
				);
				MARKETING_VERSION = 1.0;
				PRODUCT_BUNDLE_IDENTIFIER = "com.OneTen.SOPT36-Assignment";
				PRODUCT_NAME = "$(TARGET_NAME)";
				SWIFT_EMIT_LOC_STRINGS = YES;
				SWIFT_VERSION = 5.0;
				TARGETED_DEVICE_FAMILY = "1,2";
			};
			name = Release;
		};
		6CF93F982DAEC71C0038B5EC /* Debug */ = {
			isa = XCBuildConfiguration;
			buildSettings = {
				ALWAYS_SEARCH_USER_PATHS = NO;
				ASSETCATALOG_COMPILER_GENERATE_SWIFT_ASSET_SYMBOL_EXTENSIONS = YES;
				CLANG_ANALYZER_NONNULL = YES;
				CLANG_ANALYZER_NUMBER_OBJECT_CONVERSION = YES_AGGRESSIVE;
				CLANG_CXX_LANGUAGE_STANDARD = "gnu++20";
				CLANG_ENABLE_MODULES = YES;
				CLANG_ENABLE_OBJC_ARC = YES;
				CLANG_ENABLE_OBJC_WEAK = YES;
				CLANG_WARN_BLOCK_CAPTURE_AUTORELEASING = YES;
				CLANG_WARN_BOOL_CONVERSION = YES;
				CLANG_WARN_COMMA = YES;
				CLANG_WARN_CONSTANT_CONVERSION = YES;
				CLANG_WARN_DEPRECATED_OBJC_IMPLEMENTATIONS = YES;
				CLANG_WARN_DIRECT_OBJC_ISA_USAGE = YES_ERROR;
				CLANG_WARN_DOCUMENTATION_COMMENTS = YES;
				CLANG_WARN_EMPTY_BODY = YES;
				CLANG_WARN_ENUM_CONVERSION = YES;
				CLANG_WARN_INFINITE_RECURSION = YES;
				CLANG_WARN_INT_CONVERSION = YES;
				CLANG_WARN_NON_LITERAL_NULL_CONVERSION = YES;
				CLANG_WARN_OBJC_IMPLICIT_RETAIN_SELF = YES;
				CLANG_WARN_OBJC_LITERAL_CONVERSION = YES;
				CLANG_WARN_OBJC_ROOT_CLASS = YES_ERROR;
				CLANG_WARN_QUOTED_INCLUDE_IN_FRAMEWORK_HEADER = YES;
				CLANG_WARN_RANGE_LOOP_ANALYSIS = YES;
				CLANG_WARN_STRICT_PROTOTYPES = YES;
				CLANG_WARN_SUSPICIOUS_MOVE = YES;
				CLANG_WARN_UNGUARDED_AVAILABILITY = YES_AGGRESSIVE;
				CLANG_WARN_UNREACHABLE_CODE = YES;
				CLANG_WARN__DUPLICATE_METHOD_MATCH = YES;
				COPY_PHASE_STRIP = NO;
				DEBUG_INFORMATION_FORMAT = dwarf;
				DEVELOPMENT_TEAM = 3RFJ9FQWHA;
				ENABLE_STRICT_OBJC_MSGSEND = YES;
				ENABLE_TESTABILITY = YES;
				ENABLE_USER_SCRIPT_SANDBOXING = YES;
				GCC_C_LANGUAGE_STANDARD = gnu17;
				GCC_DYNAMIC_NO_PIC = NO;
				GCC_NO_COMMON_BLOCKS = YES;
				GCC_OPTIMIZATION_LEVEL = 0;
				GCC_PREPROCESSOR_DEFINITIONS = (
					"DEBUG=1",
					"$(inherited)",
				);
				GCC_WARN_64_TO_32_BIT_CONVERSION = YES;
				GCC_WARN_ABOUT_RETURN_TYPE = YES_ERROR;
				GCC_WARN_UNDECLARED_SELECTOR = YES;
				GCC_WARN_UNINITIALIZED_AUTOS = YES_AGGRESSIVE;
				GCC_WARN_UNUSED_FUNCTION = YES;
				GCC_WARN_UNUSED_VARIABLE = YES;
				IPHONEOS_DEPLOYMENT_TARGET = 18.4;
				LOCALIZATION_PREFERS_STRING_CATALOGS = YES;
				MTL_ENABLE_DEBUG_INFO = INCLUDE_SOURCE;
				MTL_FAST_MATH = YES;
				ONLY_ACTIVE_ARCH = YES;
				SDKROOT = iphoneos;
				SWIFT_ACTIVE_COMPILATION_CONDITIONS = "DEBUG $(inherited)";
				SWIFT_OPTIMIZATION_LEVEL = "-Onone";
			};
			name = Debug;
		};
		6CF93F992DAEC71C0038B5EC /* Release */ = {
			isa = XCBuildConfiguration;
			buildSettings = {
				ALWAYS_SEARCH_USER_PATHS = NO;
				ASSETCATALOG_COMPILER_GENERATE_SWIFT_ASSET_SYMBOL_EXTENSIONS = YES;
				CLANG_ANALYZER_NONNULL = YES;
				CLANG_ANALYZER_NUMBER_OBJECT_CONVERSION = YES_AGGRESSIVE;
				CLANG_CXX_LANGUAGE_STANDARD = "gnu++20";
				CLANG_ENABLE_MODULES = YES;
				CLANG_ENABLE_OBJC_ARC = YES;
				CLANG_ENABLE_OBJC_WEAK = YES;
				CLANG_WARN_BLOCK_CAPTURE_AUTORELEASING = YES;
				CLANG_WARN_BOOL_CONVERSION = YES;
				CLANG_WARN_COMMA = YES;
				CLANG_WARN_CONSTANT_CONVERSION = YES;
				CLANG_WARN_DEPRECATED_OBJC_IMPLEMENTATIONS = YES;
				CLANG_WARN_DIRECT_OBJC_ISA_USAGE = YES_ERROR;
				CLANG_WARN_DOCUMENTATION_COMMENTS = YES;
				CLANG_WARN_EMPTY_BODY = YES;
				CLANG_WARN_ENUM_CONVERSION = YES;
				CLANG_WARN_INFINITE_RECURSION = YES;
				CLANG_WARN_INT_CONVERSION = YES;
				CLANG_WARN_NON_LITERAL_NULL_CONVERSION = YES;
				CLANG_WARN_OBJC_IMPLICIT_RETAIN_SELF = YES;
				CLANG_WARN_OBJC_LITERAL_CONVERSION = YES;
				CLANG_WARN_OBJC_ROOT_CLASS = YES_ERROR;
				CLANG_WARN_QUOTED_INCLUDE_IN_FRAMEWORK_HEADER = YES;
				CLANG_WARN_RANGE_LOOP_ANALYSIS = YES;
				CLANG_WARN_STRICT_PROTOTYPES = YES;
				CLANG_WARN_SUSPICIOUS_MOVE = YES;
				CLANG_WARN_UNGUARDED_AVAILABILITY = YES_AGGRESSIVE;
				CLANG_WARN_UNREACHABLE_CODE = YES;
				CLANG_WARN__DUPLICATE_METHOD_MATCH = YES;
				COPY_PHASE_STRIP = NO;
				DEBUG_INFORMATION_FORMAT = "dwarf-with-dsym";
				DEVELOPMENT_TEAM = 3RFJ9FQWHA;
				ENABLE_NS_ASSERTIONS = NO;
				ENABLE_STRICT_OBJC_MSGSEND = YES;
				ENABLE_USER_SCRIPT_SANDBOXING = YES;
				GCC_C_LANGUAGE_STANDARD = gnu17;
				GCC_NO_COMMON_BLOCKS = YES;
				GCC_WARN_64_TO_32_BIT_CONVERSION = YES;
				GCC_WARN_ABOUT_RETURN_TYPE = YES_ERROR;
				GCC_WARN_UNDECLARED_SELECTOR = YES;
				GCC_WARN_UNINITIALIZED_AUTOS = YES_AGGRESSIVE;
				GCC_WARN_UNUSED_FUNCTION = YES;
				GCC_WARN_UNUSED_VARIABLE = YES;
				IPHONEOS_DEPLOYMENT_TARGET = 18.4;
				LOCALIZATION_PREFERS_STRING_CATALOGS = YES;
				MTL_ENABLE_DEBUG_INFO = NO;
				MTL_FAST_MATH = YES;
				SDKROOT = iphoneos;
				SWIFT_COMPILATION_MODE = wholemodule;
				VALIDATE_PRODUCT = YES;
			};
			name = Release;
		};
/* End XCBuildConfiguration section */

/* Begin XCConfigurationList section */
		6CF93F7D2DAEC71B0038B5EC /* Build configuration list for PBXProject "SOPT36_Assignment" */ = {
			isa = XCConfigurationList;
			buildConfigurations = (
				6CF93F982DAEC71C0038B5EC /* Debug */,
				6CF93F992DAEC71C0038B5EC /* Release */,
			);
			defaultConfigurationIsVisible = 0;
			defaultConfigurationName = Release;
		};
		6CF93F952DAEC71C0038B5EC /* Build configuration list for PBXNativeTarget "SOPT36_Assignment" */ = {
			isa = XCConfigurationList;
			buildConfigurations = (
				6CF93F962DAEC71C0038B5EC /* Debug */,
				6CF93F972DAEC71C0038B5EC /* Release */,
			);
			defaultConfigurationIsVisible = 0;
			defaultConfigurationName = Release;
		};
/* End XCConfigurationList section */

/* Begin XCRemoteSwiftPackageReference section */
		6CD0F1C02DC1206200EFFE7F /* XCRemoteSwiftPackageReference "Then" */ = {
			isa = XCRemoteSwiftPackageReference;
			repositoryURL = "https://github.com/devxoul/Then.git";
			requirement = {
				kind = upToNextMajorVersion;
				minimumVersion = 3.0.0;
			};
		};
		6CF93FAA2DAED2380038B5EC /* XCRemoteSwiftPackageReference "SnapKit" */ = {
			isa = XCRemoteSwiftPackageReference;
			repositoryURL = "https://github.com/SnapKit/SnapKit.git";
			requirement = {
				kind = upToNextMajorVersion;
				minimumVersion = 5.7.1;
			};
		};
/* End XCRemoteSwiftPackageReference section */

/* Begin XCSwiftPackageProductDependency section */
		6CD0F1C12DC1206200EFFE7F /* Then */ = {
			isa = XCSwiftPackageProductDependency;
			package = 6CD0F1C02DC1206200EFFE7F /* XCRemoteSwiftPackageReference "Then" */;
			productName = Then;
		};
		6CF93FAB2DAED2380038B5EC /* SnapKit */ = {
			isa = XCSwiftPackageProductDependency;
			package = 6CF93FAA2DAED2380038B5EC /* XCRemoteSwiftPackageReference "SnapKit" */;
			productName = SnapKit;
		};
/* End XCSwiftPackageProductDependency section */
	};
	rootObject = 6CF93F7A2DAEC71B0038B5EC /* Project object */;
}
