// !$*UTF8*$!
{
	archiveVersion = 1;
	classes = {
	};
	objectVersion = 77;
	objects = {

/* Begin PBXBuildFile section */
		6C3B8AC52DEEE09A00B137A6 /* MainViewModel.swift in Sources */ = {isa = PBXBuildFile; fileRef = 6C3B8AC42DEEE09A00B137A6 /* MainViewModel.swift */; };
		6C3B8AC72DEEE0C700B137A6 /* StickyHeaderView.swift in Sources */ = {isa = PBXBuildFile; fileRef = 6C3B8AC62DEEE0C700B137A6 /* StickyHeaderView.swift */; };
		6CAA7EDB2DE4BCDB00BB567E /* MainView.swift in Sources */ = {isa = PBXBuildFile; fileRef = 6CAA7EDA2DE4BCDB00BB567E /* MainView.swift */; };
		6CAA7EF12DE72EEF00BB567E /* BaseballModel.swift in Sources */ = {isa = PBXBuildFile; fileRef = 6CAA7EEB2DE72EEF00BB567E /* BaseballModel.swift */; };
		6CAA7EF22DE72EEF00BB567E /* GahyunPickModel.swift in Sources */ = {isa = PBXBuildFile; fileRef = 6CAA7EEC2DE72EEF00BB567E /* GahyunPickModel.swift */; };
		6CAA7EF32DE72EEF00BB567E /* LogoModel.swift in Sources */ = {isa = PBXBuildFile; fileRef = 6CAA7EED2DE72EEF00BB567E /* LogoModel.swift */; };
		6CAA7EF42DE72EEF00BB567E /* PosterModel.swift in Sources */ = {isa = PBXBuildFile; fileRef = 6CAA7EEE2DE72EEF00BB567E /* PosterModel.swift */; };
		6CAA7EF52DE72EEF00BB567E /* ProgramModel.swift in Sources */ = {isa = PBXBuildFile; fileRef = 6CAA7EEF2DE72EEF00BB567E /* ProgramModel.swift */; };
		6CD0F1AE2DC1186D00EFFE7F /* Assets.xcassets in Resources */ = {isa = PBXBuildFile; fileRef = 6CD0F1A62DC1186D00EFFE7F /* Assets.xcassets */; };
		6CD0F1B02DC1186D00EFFE7F /* LaunchScreen.storyboard in Resources */ = {isa = PBXBuildFile; fileRef = 6CD0F1A92DC1186D00EFFE7F /* LaunchScreen.storyboard */; };
		6CD0F1B12DC1186D00EFFE7F /* AppDelegate.swift in Sources */ = {isa = PBXBuildFile; fileRef = 6CD0F19F2DC1186D00EFFE7F /* AppDelegate.swift */; };
		6CD0F1B22DC1186D00EFFE7F /* SceneDelegate.swift in Sources */ = {isa = PBXBuildFile; fileRef = 6CD0F1A02DC1186D00EFFE7F /* SceneDelegate.swift */; };
/* End PBXBuildFile section */

/* Begin PBXFileReference section */
		6C3B8AC42DEEE09A00B137A6 /* MainViewModel.swift */ = {isa = PBXFileReference; lastKnownFileType = sourcecode.swift; path = MainViewModel.swift; sourceTree = "<group>"; };
		6C3B8AC62DEEE0C700B137A6 /* StickyHeaderView.swift */ = {isa = PBXFileReference; lastKnownFileType = sourcecode.swift; path = StickyHeaderView.swift; sourceTree = "<group>"; };
		6CAA7EDA2DE4BCDB00BB567E /* MainView.swift */ = {isa = PBXFileReference; lastKnownFileType = sourcecode.swift; path = MainView.swift; sourceTree = "<group>"; };
		6CAA7EEB2DE72EEF00BB567E /* BaseballModel.swift */ = {isa = PBXFileReference; lastKnownFileType = sourcecode.swift; path = BaseballModel.swift; sourceTree = "<group>"; };
		6CAA7EEC2DE72EEF00BB567E /* GahyunPickModel.swift */ = {isa = PBXFileReference; lastKnownFileType = sourcecode.swift; path = GahyunPickModel.swift; sourceTree = "<group>"; };
		6CAA7EED2DE72EEF00BB567E /* LogoModel.swift */ = {isa = PBXFileReference; lastKnownFileType = sourcecode.swift; path = LogoModel.swift; sourceTree = "<group>"; };
		6CAA7EEE2DE72EEF00BB567E /* PosterModel.swift */ = {isa = PBXFileReference; lastKnownFileType = sourcecode.swift; path = PosterModel.swift; sourceTree = "<group>"; };
		6CAA7EEF2DE72EEF00BB567E /* ProgramModel.swift */ = {isa = PBXFileReference; lastKnownFileType = sourcecode.swift; path = ProgramModel.swift; sourceTree = "<group>"; };
		6CD0F19F2DC1186D00EFFE7F /* AppDelegate.swift */ = {isa = PBXFileReference; lastKnownFileType = sourcecode.swift; path = AppDelegate.swift; sourceTree = "<group>"; };
		6CD0F1A02DC1186D00EFFE7F /* SceneDelegate.swift */ = {isa = PBXFileReference; lastKnownFileType = sourcecode.swift; path = SceneDelegate.swift; sourceTree = "<group>"; };
		6CD0F1A62DC1186D00EFFE7F /* Assets.xcassets */ = {isa = PBXFileReference; lastKnownFileType = folder.assetcatalog; path = Assets.xcassets; sourceTree = "<group>"; };
		6CD0F1A72DC1186D00EFFE7F /* Info.plist */ = {isa = PBXFileReference; lastKnownFileType = text.plist.xml; path = Info.plist; sourceTree = "<group>"; };
		6CD0F1A82DC1186D00EFFE7F /* Base */ = {isa = PBXFileReference; lastKnownFileType = file.storyboard; name = Base; path = Base.lproj/LaunchScreen.storyboard; sourceTree = "<group>"; };
		6CF93F822DAEC71B0038B5EC /* SOPT36_Assignment.app */ = {isa = PBXFileReference; explicitFileType = wrapper.application; includeInIndex = 0; path = SOPT36_Assignment.app; sourceTree = BUILT_PRODUCTS_DIR; };
/* End PBXFileReference section */

/* Begin PBXFrameworksBuildPhase section */
		6CF93F7F2DAEC71B0038B5EC /* Frameworks */ = {
			isa = PBXFrameworksBuildPhase;
			buildActionMask = 2147483647;
			files = (
			);
			runOnlyForDeploymentPostprocessing = 0;
		};
/* End PBXFrameworksBuildPhase section */

/* Begin PBXGroup section */
		6C3B8AC22DEEE08900B137A6 /* View */ = {
			isa = PBXGroup;
			children = (
				6CAA7EDA2DE4BCDB00BB567E /* MainView.swift */,
				6C3B8AC62DEEE0C700B137A6 /* StickyHeaderView.swift */,
			);
			path = View;
			sourceTree = "<group>";
		};
		6C3B8AC32DEEE08B00B137A6 /* ViewModel */ = {
			isa = PBXGroup;
			children = (
				6C3B8AC42DEEE09A00B137A6 /* MainViewModel.swift */,
			);
			path = ViewModel;
			sourceTree = "<group>";
		};
		6CAA7EF02DE72EEF00BB567E /* Model */ = {
			isa = PBXGroup;
			children = (
				6CAA7EEB2DE72EEF00BB567E /* BaseballModel.swift */,
				6CAA7EEC2DE72EEF00BB567E /* GahyunPickModel.swift */,
				6CAA7EED2DE72EEF00BB567E /* LogoModel.swift */,
				6CAA7EEE2DE72EEF00BB567E /* PosterModel.swift */,
				6CAA7EEF2DE72EEF00BB567E /* ProgramModel.swift */,
			);
			path = Model;
			sourceTree = "<group>";
		};
		6CD0F1A12DC1186D00EFFE7F /* Application */ = {
			isa = PBXGroup;
			children = (
				6CD0F19F2DC1186D00EFFE7F /* AppDelegate.swift */,
				6CD0F1A02DC1186D00EFFE7F /* SceneDelegate.swift */,
			);
			path = Application;
			sourceTree = "<group>";
		};
		6CD0F1AA2DC1186D00EFFE7F /* Resources */ = {
			isa = PBXGroup;
			children = (
				6CD0F1A62DC1186D00EFFE7F /* Assets.xcassets */,
				6CD0F1A72DC1186D00EFFE7F /* Info.plist */,
				6CD0F1A92DC1186D00EFFE7F /* LaunchScreen.storyboard */,
			);
			path = Resources;
			sourceTree = "<group>";
		};
		6CD0F1AD2DC1186D00EFFE7F /* SOPT36_Assignment */ = {
			isa = PBXGroup;
			children = (
				6CD0F1A12DC1186D00EFFE7F /* Application */,
				6CD0F1D42DC1361E00EFFE7F /* Global */,
				6CAA7EF02DE72EEF00BB567E /* Model */,
				6C3B8AC22DEEE08900B137A6 /* View */,
				6C3B8AC32DEEE08B00B137A6 /* ViewModel */,
			);
			path = SOPT36_Assignment;
			sourceTree = "<group>";
		};
		6CD0F1D42DC1361E00EFFE7F /* Global */ = {
			isa = PBXGroup;
			children = (
				6CD0F1AA2DC1186D00EFFE7F /* Resources */,
			);
			path = Global;
			sourceTree = "<group>";
		};
		6CF93F792DAEC71B0038B5EC = {
			isa = PBXGroup;
			children = (
				6CD0F1AD2DC1186D00EFFE7F /* SOPT36_Assignment */,
				6CF93F832DAEC71B0038B5EC /* Products */,
			);
			sourceTree = "<group>";
		};
		6CF93F832DAEC71B0038B5EC /* Products */ = {
			isa = PBXGroup;
			children = (
				6CF93F822DAEC71B0038B5EC /* SOPT36_Assignment.app */,
			);
			name = Products;
			sourceTree = "<group>";
		};
/* End PBXGroup section */

/* Begin PBXNativeTarget section */
		6CF93F812DAEC71B0038B5EC /* SOPT36_Assignment */ = {
			isa = PBXNativeTarget;
			buildConfigurationList = 6CF93F952DAEC71C0038B5EC /* Build configuration list for PBXNativeTarget "SOPT36_Assignment" */;
			buildPhases = (
				6CF93F7E2DAEC71B0038B5EC /* Sources */,
				6CF93F7F2DAEC71B0038B5EC /* Frameworks */,
				6CF93F802DAEC71B0038B5EC /* Resources */,
			);
			buildRules = (
			);
			dependencies = (
			);
			name = SOPT36_Assignment;
			packageProductDependencies = (
			);
			productName = SOPT36_Assignment;
			productReference = 6CF93F822DAEC71B0038B5EC /* SOPT36_Assignment.app */;
			productType = "com.apple.product-type.application";
		};
/* End PBXNativeTarget section */

/* Begin PBXProject section */
		6CF93F7A2DAEC71B0038B5EC /* Project object */ = {
			isa = PBXProject;
			attributes = {
				BuildIndependentTargetsInParallel = 1;
				LastSwiftUpdateCheck = 1630;
				LastUpgradeCheck = 1630;
				TargetAttributes = {
					6CF93F812DAEC71B0038B5EC = {
						CreatedOnToolsVersion = 16.3;
					};
				};
			};
			buildConfigurationList = 6CF93F7D2DAEC71B0038B5EC /* Build configuration list for PBXProject "SOPT36_Assignment" */;
			developmentRegion = en;
			hasScannedForEncodings = 0;
			knownRegions = (
				en,
				Base,
			);
			mainGroup = 6CF93F792DAEC71B0038B5EC;
			minimizedProjectReferenceProxies = 1;
			packageReferences = (
			);
			preferredProjectObjectVersion = 77;
			productRefGroup = 6CF93F832DAEC71B0038B5EC /* Products */;
			projectDirPath = "";
			projectRoot = "";
			targets = (
				6CF93F812DAEC71B0038B5EC /* SOPT36_Assignment */,
			);
		};
/* End PBXProject section */

/* Begin PBXResourcesBuildPhase section */
		6CF93F802DAEC71B0038B5EC /* Resources */ = {
			isa = PBXResourcesBuildPhase;
			buildActionMask = 2147483647;
			files = (
				6CD0F1AE2DC1186D00EFFE7F /* Assets.xcassets in Resources */,
				6CD0F1B02DC1186D00EFFE7F /* LaunchScreen.storyboard in Resources */,
			);
			runOnlyForDeploymentPostprocessing = 0;
		};
/* End PBXResourcesBuildPhase section */

/* Begin PBXSourcesBuildPhase section */
		6CF93F7E2DAEC71B0038B5EC /* Sources */ = {
			isa = PBXSourcesBuildPhase;
			buildActionMask = 2147483647;
			files = (
				6C3B8AC72DEEE0C700B137A6 /* StickyHeaderView.swift in Sources */,
				6CD0F1B12DC1186D00EFFE7F /* AppDelegate.swift in Sources */,
				6CAA7EF12DE72EEF00BB567E /* BaseballModel.swift in Sources */,
				6CAA7EF22DE72EEF00BB567E /* GahyunPickModel.swift in Sources */,
				6CAA7EF32DE72EEF00BB567E /* LogoModel.swift in Sources */,
				6C3B8AC52DEEE09A00B137A6 /* MainViewModel.swift in Sources */,
				6CAA7EF42DE72EEF00BB567E /* PosterModel.swift in Sources */,
				6CAA7EF52DE72EEF00BB567E /* ProgramModel.swift in Sources */,
				6CAA7EDB2DE4BCDB00BB567E /* MainView.swift in Sources */,
				6CD0F1B22DC1186D00EFFE7F /* SceneDelegate.swift in Sources */,
			);
			runOnlyForDeploymentPostprocessing = 0;
		};
/* End PBXSourcesBuildPhase section */

/* Begin PBXVariantGroup section */
		6CD0F1A92DC1186D00EFFE7F /* LaunchScreen.storyboard */ = {
			isa = PBXVariantGroup;
			children = (
				6CD0F1A82DC1186D00EFFE7F /* Base */,
			);
			name = LaunchScreen.storyboard;
			sourceTree = "<group>";
		};
/* End PBXVariantGroup section */

/* Begin XCBuildConfiguration section */
		6CF93F962DAEC71C0038B5EC /* Debug */ = {
			isa = XCBuildConfiguration;
			buildSettings = {
				ASSETCATALOG_COMPILER_APPICON_NAME = AppIcon;
				ASSETCATALOG_COMPILER_GLOBAL_ACCENT_COLOR_NAME = AccentColor;
				CODE_SIGN_STYLE = Automatic;
				CURRENT_PROJECT_VERSION = 1;
				DEVELOPMENT_TEAM = 3RFJ9FQWHA;
				GENERATE_INFOPLIST_FILE = YES;
				INFOPLIST_FILE = SOPT36_Assignment/Global/Resources/Info.plist;
				INFOPLIST_KEY_UIApplicationSupportsIndirectInputEvents = YES;
				INFOPLIST_KEY_UILaunchStoryboardName = LaunchScreen;
				INFOPLIST_KEY_UISupportedInterfaceOrientations_iPad = "UIInterfaceOrientationPortrait UIInterfaceOrientationPortraitUpsideDown UIInterfaceOrientationLandscapeLeft UIInterfaceOrientationLandscapeRight";
				INFOPLIST_KEY_UISupportedInterfaceOrientations_iPhone = "UIInterfaceOrientationPortrait UIInterfaceOrientationLandscapeLeft UIInterfaceOrientationLandscapeRight";
				LD_RUNPATH_SEARCH_PATHS = (
					"$(inherited)",
					"@executable_path/Frameworks",
				);
				MARKETING_VERSION = 1.0;
				PRODUCT_BUNDLE_IDENTIFIER = "com.OneTen.SOPT36-Assignment";
				PRODUCT_NAME = "$(TARGET_NAME)";
				SWIFT_EMIT_LOC_STRINGS = YES;
				SWIFT_VERSION = 5.0;
				TARGETED_DEVICE_FAMILY = "1,2";
			};
			name = Debug;
		};
		6CF93F972DAEC71C0038B5EC /* Release */ = {
			isa = XCBuildConfiguration;
			buildSettings = {
				ASSETCATALOG_COMPILER_APPICON_NAME = AppIcon;
				ASSETCATALOG_COMPILER_GLOBAL_ACCENT_COLOR_NAME = AccentColor;
				CODE_SIGN_STYLE = Automatic;
				CURRENT_PROJECT_VERSION = 1;
				DEVELOPMENT_TEAM = 3RFJ9FQWHA;
				GENERATE_INFOPLIST_FILE = YES;
				INFOPLIST_FILE = SOPT36_Assignment/Global/Resources/Info.plist;
				INFOPLIST_KEY_UIApplicationSupportsIndirectInputEvents = YES;
				INFOPLIST_KEY_UILaunchStoryboardName = LaunchScreen;
				INFOPLIST_KEY_UISupportedInterfaceOrientations_iPad = "UIInterfaceOrientationPortrait UIInterfaceOrientationPortraitUpsideDown UIInterfaceOrientationLandscapeLeft UIInterfaceOrientationLandscapeRight";
				INFOPLIST_KEY_UISupportedInterfaceOrientations_iPhone = "UIInterfaceOrientationPortrait UIInterfaceOrientationLandscapeLeft UIInterfaceOrientationLandscapeRight";
				LD_RUNPATH_SEARCH_PATHS = (
					"$(inherited)",
					"@executable_path/Frameworks",
				);
				MARKETING_VERSION = 1.0;
				PRODUCT_BUNDLE_IDENTIFIER = "com.OneTen.SOPT36-Assignment";
				PRODUCT_NAME = "$(TARGET_NAME)";
				SWIFT_EMIT_LOC_STRINGS = YES;
				SWIFT_VERSION = 5.0;
				TARGETED_DEVICE_FAMILY = "1,2";
			};
			name = Release;
		};
		6CF93F982DAEC71C0038B5EC /* Debug */ = {
			isa = XCBuildConfiguration;
			buildSettings = {
				ALWAYS_SEARCH_USER_PATHS = NO;
				ASSETCATALOG_COMPILER_GENERATE_SWIFT_ASSET_SYMBOL_EXTENSIONS = YES;
				CLANG_ANALYZER_NONNULL = YES;
				CLANG_ANALYZER_NUMBER_OBJECT_CONVERSION = YES_AGGRESSIVE;
				CLANG_CXX_LANGUAGE_STANDARD = "gnu++20";
				CLANG_ENABLE_MODULES = YES;
				CLANG_ENABLE_OBJC_ARC = YES;
				CLANG_ENABLE_OBJC_WEAK = YES;
				CLANG_WARN_BLOCK_CAPTURE_AUTORELEASING = YES;
				CLANG_WARN_BOOL_CONVERSION = YES;
				CLANG_WARN_COMMA = YES;
				CLANG_WARN_CONSTANT_CONVERSION = YES;
				CLANG_WARN_DEPRECATED_OBJC_IMPLEMENTATIONS = YES;
				CLANG_WARN_DIRECT_OBJC_ISA_USAGE = YES_ERROR;
				CLANG_WARN_DOCUMENTATION_COMMENTS = YES;
				CLANG_WARN_EMPTY_BODY = YES;
				CLANG_WARN_ENUM_CONVERSION = YES;
				CLANG_WARN_INFINITE_RECURSION = YES;
				CLANG_WARN_INT_CONVERSION = YES;
				CLANG_WARN_NON_LITERAL_NULL_CONVERSION = YES;
				CLANG_WARN_OBJC_IMPLICIT_RETAIN_SELF = YES;
				CLANG_WARN_OBJC_LITERAL_CONVERSION = YES;
				CLANG_WARN_OBJC_ROOT_CLASS = YES_ERROR;
				CLANG_WARN_QUOTED_INCLUDE_IN_FRAMEWORK_HEADER = YES;
				CLANG_WARN_RANGE_LOOP_ANALYSIS = YES;
				CLANG_WARN_STRICT_PROTOTYPES = YES;
				CLANG_WARN_SUSPICIOUS_MOVE = YES;
				CLANG_WARN_UNGUARDED_AVAILABILITY = YES_AGGRESSIVE;
				CLANG_WARN_UNREACHABLE_CODE = YES;
				CLANG_WARN__DUPLICATE_METHOD_MATCH = YES;
				COPY_PHASE_STRIP = NO;
				DEBUG_INFORMATION_FORMAT = dwarf;
				DEVELOPMENT_TEAM = 3RFJ9FQWHA;
				ENABLE_STRICT_OBJC_MSGSEND = YES;
				ENABLE_TESTABILITY = YES;
				ENABLE_USER_SCRIPT_SANDBOXING = YES;
				GCC_C_LANGUAGE_STANDARD = gnu17;
				GCC_DYNAMIC_NO_PIC = NO;
				GCC_NO_COMMON_BLOCKS = YES;
				GCC_OPTIMIZATION_LEVEL = 0;
				GCC_PREPROCESSOR_DEFINITIONS = (
					"DEBUG=1",
					"$(inherited)",
				);
				GCC_WARN_64_TO_32_BIT_CONVERSION = YES;
				GCC_WARN_ABOUT_RETURN_TYPE = YES_ERROR;
				GCC_WARN_UNDECLARED_SELECTOR = YES;
				GCC_WARN_UNINITIALIZED_AUTOS = YES_AGGRESSIVE;
				GCC_WARN_UNUSED_FUNCTION = YES;
				GCC_WARN_UNUSED_VARIABLE = YES;
				IPHONEOS_DEPLOYMENT_TARGET = 18.4;
				LOCALIZATION_PREFERS_STRING_CATALOGS = YES;
				MTL_ENABLE_DEBUG_INFO = INCLUDE_SOURCE;
				MTL_FAST_MATH = YES;
				ONLY_ACTIVE_ARCH = YES;
				SDKROOT = iphoneos;
				SWIFT_ACTIVE_COMPILATION_CONDITIONS = "DEBUG $(inherited)";
				SWIFT_OPTIMIZATION_LEVEL = "-Onone";
			};
			name = Debug;
		};
		6CF93F992DAEC71C0038B5EC /* Release */ = {
			isa = XCBuildConfiguration;
			buildSettings = {
				ALWAYS_SEARCH_USER_PATHS = NO;
				ASSETCATALOG_COMPILER_GENERATE_SWIFT_ASSET_SYMBOL_EXTENSIONS = YES;
				CLANG_ANALYZER_NONNULL = YES;
				CLANG_ANALYZER_NUMBER_OBJECT_CONVERSION = YES_AGGRESSIVE;
				CLANG_CXX_LANGUAGE_STANDARD = "gnu++20";
				CLANG_ENABLE_MODULES = YES;
				CLANG_ENABLE_OBJC_ARC = YES;
				CLANG_ENABLE_OBJC_WEAK = YES;
				CLANG_WARN_BLOCK_CAPTURE_AUTORELEASING = YES;
				CLANG_WARN_BOOL_CONVERSION = YES;
				CLANG_WARN_COMMA = YES;
				CLANG_WARN_CONSTANT_CONVERSION = YES;
				CLANG_WARN_DEPRECATED_OBJC_IMPLEMENTATIONS = YES;
				CLANG_WARN_DIRECT_OBJC_ISA_USAGE = YES_ERROR;
				CLANG_WARN_DOCUMENTATION_COMMENTS = YES;
				CLANG_WARN_EMPTY_BODY = YES;
				CLANG_WARN_ENUM_CONVERSION = YES;
				CLANG_WARN_INFINITE_RECURSION = YES;
				CLANG_WARN_INT_CONVERSION = YES;
				CLANG_WARN_NON_LITERAL_NULL_CONVERSION = YES;
				CLANG_WARN_OBJC_IMPLICIT_RETAIN_SELF = YES;
				CLANG_WARN_OBJC_LITERAL_CONVERSION = YES;
				CLANG_WARN_OBJC_ROOT_CLASS = YES_ERROR;
				CLANG_WARN_QUOTED_INCLUDE_IN_FRAMEWORK_HEADER = YES;
				CLANG_WARN_RANGE_LOOP_ANALYSIS = YES;
				CLANG_WARN_STRICT_PROTOTYPES = YES;
				CLANG_WARN_SUSPICIOUS_MOVE = YES;
				CLANG_WARN_UNGUARDED_AVAILABILITY = YES_AGGRESSIVE;
				CLANG_WARN_UNREACHABLE_CODE = YES;
				CLANG_WARN__DUPLICATE_METHOD_MATCH = YES;
				COPY_PHASE_STRIP = NO;
				DEBUG_INFORMATION_FORMAT = "dwarf-with-dsym";
				DEVELOPMENT_TEAM = 3RFJ9FQWHA;
				ENABLE_NS_ASSERTIONS = NO;
				ENABLE_STRICT_OBJC_MSGSEND = YES;
				ENABLE_USER_SCRIPT_SANDBOXING = YES;
				GCC_C_LANGUAGE_STANDARD = gnu17;
				GCC_NO_COMMON_BLOCKS = YES;
				GCC_WARN_64_TO_32_BIT_CONVERSION = YES;
				GCC_WARN_ABOUT_RETURN_TYPE = YES_ERROR;
				GCC_WARN_UNDECLARED_SELECTOR = YES;
				GCC_WARN_UNINITIALIZED_AUTOS = YES_AGGRESSIVE;
				GCC_WARN_UNUSED_FUNCTION = YES;
				GCC_WARN_UNUSED_VARIABLE = YES;
				IPHONEOS_DEPLOYMENT_TARGET = 18.4;
				LOCALIZATION_PREFERS_STRING_CATALOGS = YES;
				MTL_ENABLE_DEBUG_INFO = NO;
				MTL_FAST_MATH = YES;
				SDKROOT = iphoneos;
				SWIFT_COMPILATION_MODE = wholemodule;
				VALIDATE_PRODUCT = YES;
			};
			name = Release;
		};
/* End XCBuildConfiguration section */

/* Begin XCConfigurationList section */
		6CF93F7D2DAEC71B0038B5EC /* Build configuration list for PBXProject "SOPT36_Assignment" */ = {
			isa = XCConfigurationList;
			buildConfigurations = (
				6CF93F982DAEC71C0038B5EC /* Debug */,
				6CF93F992DAEC71C0038B5EC /* Release */,
			);
			defaultConfigurationIsVisible = 0;
			defaultConfigurationName = Release;
		};
		6CF93F952DAEC71C0038B5EC /* Build configuration list for PBXNativeTarget "SOPT36_Assignment" */ = {
			isa = XCConfigurationList;
			buildConfigurations = (
				6CF93F962DAEC71C0038B5EC /* Debug */,
				6CF93F972DAEC71C0038B5EC /* Release */,
			);
			defaultConfigurationIsVisible = 0;
			defaultConfigurationName = Release;
		};
/* End XCConfigurationList section */
	};
	rootObject = 6CF93F7A2DAEC71B0038B5EC /* Project object */;
}
